// !$*UTF8*$!
{
	archiveVersion = 1;
	classes = {
	};
	objectVersion = 56;
	objects = {

/* Begin PBXBuildFile section */
		01F369772B85863D0071BFB4 /* AppDelegate.swift in Sources */ = {isa = PBXBuildFile; fileRef = 01F369762B85863D0071BFB4 /* AppDelegate.swift */; };
		01F369792B85863D0071BFB4 /* SceneDelegate.swift in Sources */ = {isa = PBXBuildFile; fileRef = 01F369782B85863D0071BFB4 /* SceneDelegate.swift */; };
		01F3697B2B85863D0071BFB4 /* ViewController.swift in Sources */ = {isa = PBXBuildFile; fileRef = 01F3697A2B85863D0071BFB4 /* ViewController.swift */; };
		01F3697E2B85863D0071BFB4 /* Main.storyboard in Resources */ = {isa = PBXBuildFile; fileRef = 01F3697C2B85863D0071BFB4 /* Main.storyboard */; };
		01F369802B85863E0071BFB4 /* Assets.xcassets in Resources */ = {isa = PBXBuildFile; fileRef = 01F3697F2B85863E0071BFB4 /* Assets.xcassets */; };
		01F369832B85863E0071BFB4 /* LaunchScreen.storyboard in Resources */ = {isa = PBXBuildFile; fileRef = 01F369812B85863E0071BFB4 /* LaunchScreen.storyboard */; };
		01F3698B2B8587130071BFB4 /* Note.swift in Sources */ = {isa = PBXBuildFile; fileRef = 01F3698A2B8587130071BFB4 /* Note.swift */; };
		01F3698D2B858D090071BFB4 /* Notes.swift in Sources */ = {isa = PBXBuildFile; fileRef = 01F3698C2B858D090071BFB4 /* Notes.swift */; };
		01F3698F2B8590D50071BFB4 /* NoteViewController.swift in Sources */ = {isa = PBXBuildFile; fileRef = 01F3698E2B8590D50071BFB4 /* NoteViewController.swift */; };
		01F369932B85A0C80071BFB4 /* SaveDelegate.swift in Sources */ = {isa = PBXBuildFile; fileRef = 01F369922B85A0C80071BFB4 /* SaveDelegate.swift */; };
/* End PBXBuildFile section */

/* Begin PBXFileReference section */
		01F369732B85863D0071BFB4 /* milestone-project7.app */ = {isa = PBXFileReference; explicitFileType = wrapper.application; includeInIndex = 0; path = "milestone-project7.app"; sourceTree = BUILT_PRODUCTS_DIR; };
		01F369762B85863D0071BFB4 /* AppDelegate.swift */ = {isa = PBXFileReference; lastKnownFileType = sourcecode.swift; path = AppDelegate.swift; sourceTree = "<group>"; };
		01F369782B85863D0071BFB4 /* SceneDelegate.swift */ = {isa = PBXFileReference; lastKnownFileType = sourcecode.swift; path = SceneDelegate.swift; sourceTree = "<group>"; };
		01F3697A2B85863D0071BFB4 /* ViewController.swift */ = {isa = PBXFileReference; lastKnownFileType = sourcecode.swift; path = ViewController.swift; sourceTree = "<group>"; };
		01F3697D2B85863D0071BFB4 /* Base */ = {isa = PBXFileReference; lastKnownFileType = file.storyboard; name = Base; path = Base.lproj/Main.storyboard; sourceTree = "<group>"; };
		01F3697F2B85863E0071BFB4 /* Assets.xcassets */ = {isa = PBXFileReference; lastKnownFileType = folder.assetcatalog; path = Assets.xcassets; sourceTree = "<group>"; };
		01F369822B85863E0071BFB4 /* Base */ = {isa = PBXFileReference; lastKnownFileType = file.storyboard; name = Base; path = Base.lproj/LaunchScreen.storyboard; sourceTree = "<group>"; };
		01F369842B85863E0071BFB4 /* Info.plist */ = {isa = PBXFileReference; lastKnownFileType = text.plist.xml; path = Info.plist; sourceTree = "<group>"; };
		01F3698A2B8587130071BFB4 /* Note.swift */ = {isa = PBXFileReference; lastKnownFileType = sourcecode.swift; path = Note.swift; sourceTree = "<group>"; };
		01F3698C2B858D090071BFB4 /* Notes.swift */ = {isa = PBXFileReference; fileEncoding = 4; lastKnownFileType = sourcecode.swift; path = Notes.swift; sourceTree = "<group>"; };
		01F3698E2B8590D50071BFB4 /* NoteViewController.swift */ = {isa = PBXFileReference; lastKnownFileType = sourcecode.swift; path = NoteViewController.swift; sourceTree = "<group>"; };
		01F369922B85A0C80071BFB4 /* SaveDelegate.swift */ = {isa = PBXFileReference; lastKnownFileType = sourcecode.swift; path = SaveDelegate.swift; sourceTree = "<group>"; };
/* End PBXFileReference section */

/* Begin PBXFrameworksBuildPhase section */
		01F369702B85863D0071BFB4 /* Frameworks */ = {
			isa = PBXFrameworksBuildPhase;
			buildActionMask = 2147483647;
			files = (
			);
			runOnlyForDeploymentPostprocessing = 0;
		};
/* End PBXFrameworksBuildPhase section */

/* Begin PBXGroup section */
		01F3696A2B85863C0071BFB4 = {
			isa = PBXGroup;
			children = (
				01F369752B85863D0071BFB4 /* milestone-project7 */,
				01F369742B85863D0071BFB4 /* Products */,
			);
			sourceTree = "<group>";
		};
		01F369742B85863D0071BFB4 /* Products */ = {
			isa = PBXGroup;
			children = (
				01F369732B85863D0071BFB4 /* milestone-project7.app */,
			);
			name = Products;
			sourceTree = "<group>";
		};
		01F369752B85863D0071BFB4 /* milestone-project7 */ = {
			isa = PBXGroup;
			children = (
				01F369762B85863D0071BFB4 /* AppDelegate.swift */,
				01F369782B85863D0071BFB4 /* SceneDelegate.swift */,
				01F3697A2B85863D0071BFB4 /* ViewController.swift */,
				01F3697C2B85863D0071BFB4 /* Main.storyboard */,
				01F3697F2B85863E0071BFB4 /* Assets.xcassets */,
				01F369812B85863E0071BFB4 /* LaunchScreen.storyboard */,
				01F369842B85863E0071BFB4 /* Info.plist */,
				01F3698A2B8587130071BFB4 /* Note.swift */,
				01F3698C2B858D090071BFB4 /* Notes.swift */,
				01F3698E2B8590D50071BFB4 /* NoteViewController.swift */,
				01F369922B85A0C80071BFB4 /* SaveDelegate.swift */,
			);
			path = "milestone-project7";
			sourceTree = "<group>";
		};
/* End PBXGroup section */

/* Begin PBXNativeTarget section */
		01F369722B85863D0071BFB4 /* milestone-project7 */ = {
			isa = PBXNativeTarget;
			buildConfigurationList = 01F369872B85863E0071BFB4 /* Build configuration list for PBXNativeTarget "milestone-project7" */;
			buildPhases = (
				01F3696F2B85863D0071BFB4 /* Sources */,
				01F369702B85863D0071BFB4 /* Frameworks */,
				01F369712B85863D0071BFB4 /* Resources */,
			);
			buildRules = (
			);
			dependencies = (
			);
			name = "milestone-project7";
			productName = "milestone-project7";
			productReference = 01F369732B85863D0071BFB4 /* milestone-project7.app */;
			productType = "com.apple.product-type.application";
		};
/* End PBXNativeTarget section */

/* Begin PBXProject section */
		01F3696B2B85863C0071BFB4 /* Project object */ = {
			isa = PBXProject;
			attributes = {
				BuildIndependentTargetsInParallel = 1;
				LastSwiftUpdateCheck = 1520;
				LastUpgradeCheck = 1520;
				TargetAttributes = {
					01F369722B85863D0071BFB4 = {
						CreatedOnToolsVersion = 15.2;
					};
				};
			};
			buildConfigurationList = 01F3696E2B85863C0071BFB4 /* Build configuration list for PBXProject "milestone-project7" */;
			compatibilityVersion = "Xcode 14.0";
			developmentRegion = en;
			hasScannedForEncodings = 0;
			knownRegions = (
				en,
				Base,
			);
			mainGroup = 01F3696A2B85863C0071BFB4;
			productRefGroup = 01F369742B85863D0071BFB4 /* Products */;
			projectDirPath = "";
			projectRoot = "";
			targets = (
				01F369722B85863D0071BFB4 /* milestone-project7 */,
			);
		};
/* End PBXProject section */

/* Begin PBXResourcesBuildPhase section */
		01F369712B85863D0071BFB4 /* Resources */ = {
			isa = PBXResourcesBuildPhase;
			buildActionMask = 2147483647;
			files = (
				01F369832B85863E0071BFB4 /* LaunchScreen.storyboard in Resources */,
				01F369802B85863E0071BFB4 /* Assets.xcassets in Resources */,
				01F3697E2B85863D0071BFB4 /* Main.storyboard in Resources */,
			);
			runOnlyForDeploymentPostprocessing = 0;
		};
/* End PBXResourcesBuildPhase section */

/* Begin PBXSourcesBuildPhase section */
		01F3696F2B85863D0071BFB4 /* Sources */ = {
			isa = PBXSourcesBuildPhase;
			buildActionMask = 2147483647;
			files = (
				01F3697B2B85863D0071BFB4 /* ViewController.swift in Sources */,
				01F3698D2B858D090071BFB4 /* Notes.swift in Sources */,
				01F369772B85863D0071BFB4 /* AppDelegate.swift in Sources */,
				01F369792B85863D0071BFB4 /* SceneDelegate.swift in Sources */,
				01F3698F2B8590D50071BFB4 /* NoteViewController.swift in Sources */,
				01F369932B85A0C80071BFB4 /* SaveDelegate.swift in Sources */,
				01F3698B2B8587130071BFB4 /* Note.swift in Sources */,
			);
			runOnlyForDeploymentPostprocessing = 0;
		};
/* End PBXSourcesBuildPhase section */

/* Begin PBXVariantGroup section */
		01F3697C2B85863D0071BFB4 /* Main.storyboard */ = {
			isa = PBXVariantGroup;
			children = (
				01F3697D2B85863D0071BFB4 /* Base */,
			);
			name = Main.storyboard;
			sourceTree = "<group>";
		};
		01F369812B85863E0071BFB4 /* LaunchScreen.storyboard */ = {
			isa = PBXVariantGroup;
			children = (
				01F369822B85863E0071BFB4 /* Base */,
			);
			name = LaunchScreen.storyboard;
			sourceTree = "<group>";
		};
/* End PBXVariantGroup section */

/* Begin XCBuildConfiguration section */
		01F369852B85863E0071BFB4 /* Debug */ = {
			isa = XCBuildConfiguration;
			buildSettings = {
				ALWAYS_SEARCH_USER_PATHS = NO;
				ASSETCATALOG_COMPILER_GENERATE_SWIFT_ASSET_SYMBOL_EXTENSIONS = YES;
				CLANG_ANALYZER_NONNULL = YES;
				CLANG_ANALYZER_NUMBER_OBJECT_CONVERSION = YES_AGGRESSIVE;
				CLANG_CXX_LANGUAGE_STANDARD = "gnu++20";
				CLANG_ENABLE_MODULES = YES;
				CLANG_ENABLE_OBJC_ARC = YES;
				CLANG_ENABLE_OBJC_WEAK = YES;
				CLANG_WARN_BLOCK_CAPTURE_AUTORELEASING = YES;
				CLANG_WARN_BOOL_CONVERSION = YES;
				CLANG_WARN_COMMA = YES;
				CLANG_WARN_CONSTANT_CONVERSION = YES;
				CLANG_WARN_DEPRECATED_OBJC_IMPLEMENTATIONS = YES;
				CLANG_WARN_DIRECT_OBJC_ISA_USAGE = YES_ERROR;
				CLANG_WARN_DOCUMENTATION_COMMENTS = YES;
				CLANG_WARN_EMPTY_BODY = YES;
				CLANG_WARN_ENUM_CONVERSION = YES;
				CLANG_WARN_INFINITE_RECURSION = YES;
				CLANG_WARN_INT_CONVERSION = YES;
				CLANG_WARN_NON_LITERAL_NULL_CONVERSION = YES;
				CLANG_WARN_OBJC_IMPLICIT_RETAIN_SELF = YES;
				CLANG_WARN_OBJC_LITERAL_CONVERSION = YES;
				CLANG_WARN_OBJC_ROOT_CLASS = YES_ERROR;
				CLANG_WARN_QUOTED_INCLUDE_IN_FRAMEWORK_HEADER = YES;
				CLANG_WARN_RANGE_LOOP_ANALYSIS = YES;
				CLANG_WARN_STRICT_PROTOTYPES = YES;
				CLANG_WARN_SUSPICIOUS_MOVE = YES;
				CLANG_WARN_UNGUARDED_AVAILABILITY = YES_AGGRESSIVE;
				CLANG_WARN_UNREACHABLE_CODE = YES;
				CLANG_WARN__DUPLICATE_METHOD_MATCH = YES;
				COPY_PHASE_STRIP = NO;
				DEBUG_INFORMATION_FORMAT = dwarf;
				ENABLE_STRICT_OBJC_MSGSEND = YES;
				ENABLE_TESTABILITY = YES;
				ENABLE_USER_SCRIPT_SANDBOXING = YES;
				GCC_C_LANGUAGE_STANDARD = gnu17;
				GCC_DYNAMIC_NO_PIC = NO;
				GCC_NO_COMMON_BLOCKS = YES;
				GCC_OPTIMIZATION_LEVEL = 0;
				GCC_PREPROCESSOR_DEFINITIONS = (
					"DEBUG=1",
					"$(inherited)",
				);
				GCC_WARN_64_TO_32_BIT_CONVERSION = YES;
				GCC_WARN_ABOUT_RETURN_TYPE = YES_ERROR;
				GCC_WARN_UNDECLARED_SELECTOR = YES;
				GCC_WARN_UNINITIALIZED_AUTOS = YES_AGGRESSIVE;
				GCC_WARN_UNUSED_FUNCTION = YES;
				GCC_WARN_UNUSED_VARIABLE = YES;
				IPHONEOS_DEPLOYMENT_TARGET = 17.2;
				LOCALIZATION_PREFERS_STRING_CATALOGS = YES;
				MTL_ENABLE_DEBUG_INFO = INCLUDE_SOURCE;
				MTL_FAST_MATH = YES;
				ONLY_ACTIVE_ARCH = YES;
				SDKROOT = iphoneos;
				SWIFT_ACTIVE_COMPILATION_CONDITIONS = "DEBUG $(inherited)";
				SWIFT_OPTIMIZATION_LEVEL = "-Onone";
			};
			name = Debug;
		};
		01F369862B85863E0071BFB4 /* Release */ = {
			isa = XCBuildConfiguration;
			buildSettings = {
				ALWAYS_SEARCH_USER_PATHS = NO;
				ASSETCATALOG_COMPILER_GENERATE_SWIFT_ASSET_SYMBOL_EXTENSIONS = YES;
				CLANG_ANALYZER_NONNULL = YES;
				CLANG_ANALYZER_NUMBER_OBJECT_CONVERSION = YES_AGGRESSIVE;
				CLANG_CXX_LANGUAGE_STANDARD = "gnu++20";
				CLANG_ENABLE_MODULES = YES;
				CLANG_ENABLE_OBJC_ARC = YES;
				CLANG_ENABLE_OBJC_WEAK = YES;
				CLANG_WARN_BLOCK_CAPTURE_AUTORELEASING = YES;
				CLANG_WARN_BOOL_CONVERSION = YES;
				CLANG_WARN_COMMA = YES;
				CLANG_WARN_CONSTANT_CONVERSION = YES;
				CLANG_WARN_DEPRECATED_OBJC_IMPLEMENTATIONS = YES;
				CLANG_WARN_DIRECT_OBJC_ISA_USAGE = YES_ERROR;
				CLANG_WARN_DOCUMENTATION_COMMENTS = YES;
				CLANG_WARN_EMPTY_BODY = YES;
				CLANG_WARN_ENUM_CONVERSION = YES;
				CLANG_WARN_INFINITE_RECURSION = YES;
				CLANG_WARN_INT_CONVERSION = YES;
				CLANG_WARN_NON_LITERAL_NULL_CONVERSION = YES;
				CLANG_WARN_OBJC_IMPLICIT_RETAIN_SELF = YES;
				CLANG_WARN_OBJC_LITERAL_CONVERSION = YES;
				CLANG_WARN_OBJC_ROOT_CLASS = YES_ERROR;
				CLANG_WARN_QUOTED_INCLUDE_IN_FRAMEWORK_HEADER = YES;
				CLANG_WARN_RANGE_LOOP_ANALYSIS = YES;
				CLANG_WARN_STRICT_PROTOTYPES = YES;
				CLANG_WARN_SUSPICIOUS_MOVE = YES;
				CLANG_WARN_UNGUARDED_AVAILABILITY = YES_AGGRESSIVE;
				CLANG_WARN_UNREACHABLE_CODE = YES;
				CLANG_WARN__DUPLICATE_METHOD_MATCH = YES;
				COPY_PHASE_STRIP = NO;
				DEBUG_INFORMATION_FORMAT = "dwarf-with-dsym";
				ENABLE_NS_ASSERTIONS = NO;
				ENABLE_STRICT_OBJC_MSGSEND = YES;
				ENABLE_USER_SCRIPT_SANDBOXING = YES;
				GCC_C_LANGUAGE_STANDARD = gnu17;
				GCC_NO_COMMON_BLOCKS = YES;
				GCC_WARN_64_TO_32_BIT_CONVERSION = YES;
				GCC_WARN_ABOUT_RETURN_TYPE = YES_ERROR;
				GCC_WARN_UNDECLARED_SELECTOR = YES;
				GCC_WARN_UNINITIALIZED_AUTOS = YES_AGGRESSIVE;
				GCC_WARN_UNUSED_FUNCTION = YES;
				GCC_WARN_UNUSED_VARIABLE = YES;
				IPHONEOS_DEPLOYMENT_TARGET = 17.2;
				LOCALIZATION_PREFERS_STRING_CATALOGS = YES;
				MTL_ENABLE_DEBUG_INFO = NO;
				MTL_FAST_MATH = YES;
				SDKROOT = iphoneos;
				SWIFT_COMPILATION_MODE = wholemodule;
				VALIDATE_PRODUCT = YES;
			};
			name = Release;
		};
		01F369882B85863E0071BFB4 /* Debug */ = {
			isa = XCBuildConfiguration;
			buildSettings = {
				ASSETCATALOG_COMPILER_APPICON_NAME = AppIcon;
				ASSETCATALOG_COMPILER_GLOBAL_ACCENT_COLOR_NAME = AccentColor;
				CODE_SIGN_STYLE = Automatic;
				CURRENT_PROJECT_VERSION = 1;
				DEVELOPMENT_TEAM = C4C655GVXZ;
				GENERATE_INFOPLIST_FILE = YES;
				INFOPLIST_FILE = "milestone-project7/Info.plist";
				INFOPLIST_KEY_UIApplicationSupportsIndirectInputEvents = YES;
				INFOPLIST_KEY_UILaunchStoryboardName = LaunchScreen;
				INFOPLIST_KEY_UIMainStoryboardFile = Main;
				INFOPLIST_KEY_UISupportedInterfaceOrientations_iPad = "UIInterfaceOrientationPortrait UIInterfaceOrientationPortraitUpsideDown UIInterfaceOrientationLandscapeLeft UIInterfaceOrientationLandscapeRight";
				INFOPLIST_KEY_UISupportedInterfaceOrientations_iPhone = "UIInterfaceOrientationPortrait UIInterfaceOrientationLandscapeLeft UIInterfaceOrientationLandscapeRight";
				LD_RUNPATH_SEARCH_PATHS = (
					"$(inherited)",
					"@executable_path/Frameworks",
				);
				MARKETING_VERSION = 1.0;
				PRODUCT_BUNDLE_IDENTIFIER = "com.example.milestone-project7";
				PRODUCT_NAME = "$(TARGET_NAME)";
				SWIFT_EMIT_LOC_STRINGS = YES;
				SWIFT_VERSION = 5.0;
				TARGETED_DEVICE_FAMILY = "1,2";
			};
			name = Debug;
		};
		01F369892B85863E0071BFB4 /* Release */ = {
			isa = XCBuildConfiguration;
			buildSettings = {
				ASSETCATALOG_COMPILER_APPICON_NAME = AppIcon;
				ASSETCATALOG_COMPILER_GLOBAL_ACCENT_COLOR_NAME = AccentColor;
				CODE_SIGN_STYLE = Automatic;
				CURRENT_PROJECT_VERSION = 1;
				DEVELOPMENT_TEAM = C4C655GVXZ;
				GENERATE_INFOPLIST_FILE = YES;
				INFOPLIST_FILE = "milestone-project7/Info.plist";
				INFOPLIST_KEY_UIApplicationSupportsIndirectInputEvents = YES;
				INFOPLIST_KEY_UILaunchStoryboardName = LaunchScreen;
				INFOPLIST_KEY_UIMainStoryboardFile = Main;
				INFOPLIST_KEY_UISupportedInterfaceOrientations_iPad = "UIInterfaceOrientationPortrait UIInterfaceOrientationPortraitUpsideDown UIInterfaceOrientationLandscapeLeft UIInterfaceOrientationLandscapeRight";
				INFOPLIST_KEY_UISupportedInterfaceOrientations_iPhone = "UIInterfaceOrientationPortrait UIInterfaceOrientationLandscapeLeft UIInterfaceOrientationLandscapeRight";
				LD_RUNPATH_SEARCH_PATHS = (
					"$(inherited)",
					"@executable_path/Frameworks",
				);
				MARKETING_VERSION = 1.0;
				PRODUCT_BUNDLE_IDENTIFIER = "com.example.milestone-project7";
				PRODUCT_NAME = "$(TARGET_NAME)";
				SWIFT_EMIT_LOC_STRINGS = YES;
				SWIFT_VERSION = 5.0;
				TARGETED_DEVICE_FAMILY = "1,2";
			};
			name = Release;
		};
/* End XCBuildConfiguration section */

/* Begin XCConfigurationList section */
		01F3696E2B85863C0071BFB4 /* Build configuration list for PBXProject "milestone-project7" */ = {
			isa = XCConfigurationList;
			buildConfigurations = (
				01F369852B85863E0071BFB4 /* Debug */,
				01F369862B85863E0071BFB4 /* Release */,
			);
			defaultConfigurationIsVisible = 0;
			defaultConfigurationName = Release;
		};
		01F369872B85863E0071BFB4 /* Build configuration list for PBXNativeTarget "milestone-project7" */ = {
			isa = XCConfigurationList;
			buildConfigurations = (
				01F369882B85863E0071BFB4 /* Debug */,
				01F369892B85863E0071BFB4 /* Release */,
			);
			defaultConfigurationIsVisible = 0;
			defaultConfigurationName = Release;
		};
/* End XCConfigurationList section */
	};
	rootObject = 01F3696B2B85863C0071BFB4 /* Project object */;
}
