// !$*UTF8*$!
{
	archiveVersion = 1;
	classes = {
	};
	objectVersion = 56;
	objects = {

/* Begin PBXBuildFile section */
		013560962B8CE51600127BD0 /* AppDelegate.swift in Sources */ = {isa = PBXBuildFile; fileRef = 013560952B8CE51600127BD0 /* AppDelegate.swift */; };
		013560982B8CE51600127BD0 /* GameScene.sks in Resources */ = {isa = PBXBuildFile; fileRef = 013560972B8CE51600127BD0 /* GameScene.sks */; };
		0135609A2B8CE51600127BD0 /* Actions.sks in Resources */ = {isa = PBXBuildFile; fileRef = 013560992B8CE51600127BD0 /* Actions.sks */; };
		0135609C2B8CE51600127BD0 /* GameScene.swift in Sources */ = {isa = PBXBuildFile; fileRef = 0135609B2B8CE51600127BD0 /* GameScene.swift */; };
		0135609E2B8CE51600127BD0 /* GameViewController.swift in Sources */ = {isa = PBXBuildFile; fileRef = 0135609D2B8CE51600127BD0 /* GameViewController.swift */; };
		013560A12B8CE51600127BD0 /* Main.storyboard in Resources */ = {isa = PBXBuildFile; fileRef = 0135609F2B8CE51600127BD0 /* Main.storyboard */; };
		013560A32B8CE51700127BD0 /* Assets.xcassets in Resources */ = {isa = PBXBuildFile; fileRef = 013560A22B8CE51700127BD0 /* Assets.xcassets */; };
		013560A62B8CE51700127BD0 /* LaunchScreen.storyboard in Resources */ = {isa = PBXBuildFile; fileRef = 013560A42B8CE51700127BD0 /* LaunchScreen.storyboard */; };
		013560B42B8CE59B00127BD0 /* finish@2x.png in Resources */ = {isa = PBXBuildFile; fileRef = 013560AD2B8CE59B00127BD0 /* finish@2x.png */; };
		013560B52B8CE59B00127BD0 /* level1.txt in Resources */ = {isa = PBXBuildFile; fileRef = 013560AE2B8CE59B00127BD0 /* level1.txt */; };
		013560B62B8CE59B00127BD0 /* star@2x.png in Resources */ = {isa = PBXBuildFile; fileRef = 013560AF2B8CE59B00127BD0 /* star@2x.png */; };
		013560B72B8CE59B00127BD0 /* player@2x.png in Resources */ = {isa = PBXBuildFile; fileRef = 013560B02B8CE59B00127BD0 /* player@2x.png */; };
		013560B82B8CE59B00127BD0 /* block@2x.png in Resources */ = {isa = PBXBuildFile; fileRef = 013560B12B8CE59B00127BD0 /* block@2x.png */; };
		013560B92B8CE59B00127BD0 /* vortex@2x.png in Resources */ = {isa = PBXBuildFile; fileRef = 013560B22B8CE59B00127BD0 /* vortex@2x.png */; };
		013560BA2B8CE59B00127BD0 /* background@2x.jpg in Resources */ = {isa = PBXBuildFile; fileRef = 013560B32B8CE59B00127BD0 /* background@2x.jpg */; };
/* End PBXBuildFile section */

/* Begin PBXFileReference section */
		013560922B8CE51600127BD0 /* project26.app */ = {isa = PBXFileReference; explicitFileType = wrapper.application; includeInIndex = 0; path = project26.app; sourceTree = BUILT_PRODUCTS_DIR; };
		013560952B8CE51600127BD0 /* AppDelegate.swift */ = {isa = PBXFileReference; lastKnownFileType = sourcecode.swift; path = AppDelegate.swift; sourceTree = "<group>"; };
		013560972B8CE51600127BD0 /* GameScene.sks */ = {isa = PBXFileReference; lastKnownFileType = file.sks; path = GameScene.sks; sourceTree = "<group>"; };
		013560992B8CE51600127BD0 /* Actions.sks */ = {isa = PBXFileReference; lastKnownFileType = file.sks; path = Actions.sks; sourceTree = "<group>"; };
		0135609B2B8CE51600127BD0 /* GameScene.swift */ = {isa = PBXFileReference; lastKnownFileType = sourcecode.swift; path = GameScene.swift; sourceTree = "<group>"; };
		0135609D2B8CE51600127BD0 /* GameViewController.swift */ = {isa = PBXFileReference; lastKnownFileType = sourcecode.swift; path = GameViewController.swift; sourceTree = "<group>"; };
		013560A02B8CE51600127BD0 /* Base */ = {isa = PBXFileReference; lastKnownFileType = file.storyboard; name = Base; path = Base.lproj/Main.storyboard; sourceTree = "<group>"; };
		013560A22B8CE51700127BD0 /* Assets.xcassets */ = {isa = PBXFileReference; lastKnownFileType = folder.assetcatalog; path = Assets.xcassets; sourceTree = "<group>"; };
		013560A52B8CE51700127BD0 /* Base */ = {isa = PBXFileReference; lastKnownFileType = file.storyboard; name = Base; path = Base.lproj/LaunchScreen.storyboard; sourceTree = "<group>"; };
		013560AD2B8CE59B00127BD0 /* finish@2x.png */ = {isa = PBXFileReference; lastKnownFileType = image.png; path = "finish@2x.png"; sourceTree = "<group>"; };
		013560AE2B8CE59B00127BD0 /* level1.txt */ = {isa = PBXFileReference; fileEncoding = 4; lastKnownFileType = text; path = level1.txt; sourceTree = "<group>"; };
		013560AF2B8CE59B00127BD0 /* star@2x.png */ = {isa = PBXFileReference; lastKnownFileType = image.png; path = "star@2x.png"; sourceTree = "<group>"; };
		013560B02B8CE59B00127BD0 /* player@2x.png */ = {isa = PBXFileReference; lastKnownFileType = image.png; path = "player@2x.png"; sourceTree = "<group>"; };
		013560B12B8CE59B00127BD0 /* block@2x.png */ = {isa = PBXFileReference; lastKnownFileType = image.png; path = "block@2x.png"; sourceTree = "<group>"; };
		013560B22B8CE59B00127BD0 /* vortex@2x.png */ = {isa = PBXFileReference; lastKnownFileType = image.png; path = "vortex@2x.png"; sourceTree = "<group>"; };
		013560B32B8CE59B00127BD0 /* background@2x.jpg */ = {isa = PBXFileReference; lastKnownFileType = image.jpeg; path = "background@2x.jpg"; sourceTree = "<group>"; };
/* End PBXFileReference section */

/* Begin PBXFrameworksBuildPhase section */
		0135608F2B8CE51600127BD0 /* Frameworks */ = {
			isa = PBXFrameworksBuildPhase;
			buildActionMask = 2147483647;
			files = (
			);
			runOnlyForDeploymentPostprocessing = 0;
		};
/* End PBXFrameworksBuildPhase section */

/* Begin PBXGroup section */
		013560892B8CE51600127BD0 = {
			isa = PBXGroup;
			children = (
				013560942B8CE51600127BD0 /* project26 */,
				013560932B8CE51600127BD0 /* Products */,
			);
			sourceTree = "<group>";
		};
		013560932B8CE51600127BD0 /* Products */ = {
			isa = PBXGroup;
			children = (
				013560922B8CE51600127BD0 /* project26.app */,
			);
			name = Products;
			sourceTree = "<group>";
		};
		013560942B8CE51600127BD0 /* project26 */ = {
			isa = PBXGroup;
			children = (
				013560952B8CE51600127BD0 /* AppDelegate.swift */,
				013560972B8CE51600127BD0 /* GameScene.sks */,
				013560992B8CE51600127BD0 /* Actions.sks */,
				0135609B2B8CE51600127BD0 /* GameScene.swift */,
				0135609D2B8CE51600127BD0 /* GameViewController.swift */,
				0135609F2B8CE51600127BD0 /* Main.storyboard */,
				013560A22B8CE51700127BD0 /* Assets.xcassets */,
				013560A42B8CE51700127BD0 /* LaunchScreen.storyboard */,
				013560AC2B8CE59B00127BD0 /* Content */,
			);
			path = project26;
			sourceTree = "<group>";
		};
		013560AC2B8CE59B00127BD0 /* Content */ = {
			isa = PBXGroup;
			children = (
				013560AD2B8CE59B00127BD0 /* finish@2x.png */,
				013560AE2B8CE59B00127BD0 /* level1.txt */,
				013560AF2B8CE59B00127BD0 /* star@2x.png */,
				013560B02B8CE59B00127BD0 /* player@2x.png */,
				013560B12B8CE59B00127BD0 /* block@2x.png */,
				013560B22B8CE59B00127BD0 /* vortex@2x.png */,
				013560B32B8CE59B00127BD0 /* background@2x.jpg */,
			);
			path = Content;
			sourceTree = "<group>";
		};
/* End PBXGroup section */

/* Begin PBXNativeTarget section */
		013560912B8CE51600127BD0 /* project26 */ = {
			isa = PBXNativeTarget;
			buildConfigurationList = 013560A92B8CE51700127BD0 /* Build configuration list for PBXNativeTarget "project26" */;
			buildPhases = (
				0135608E2B8CE51600127BD0 /* Sources */,
				0135608F2B8CE51600127BD0 /* Frameworks */,
				013560902B8CE51600127BD0 /* Resources */,
			);
			buildRules = (
			);
			dependencies = (
			);
			name = project26;
			productName = project26;
			productReference = 013560922B8CE51600127BD0 /* project26.app */;
			productType = "com.apple.product-type.application";
		};
/* End PBXNativeTarget section */

/* Begin PBXProject section */
		0135608A2B8CE51600127BD0 /* Project object */ = {
			isa = PBXProject;
			attributes = {
				BuildIndependentTargetsInParallel = 1;
				LastSwiftUpdateCheck = 1520;
				LastUpgradeCheck = 1520;
				TargetAttributes = {
					013560912B8CE51600127BD0 = {
						CreatedOnToolsVersion = 15.2;
					};
				};
			};
			buildConfigurationList = 0135608D2B8CE51600127BD0 /* Build configuration list for PBXProject "project26" */;
			compatibilityVersion = "Xcode 14.0";
			developmentRegion = en;
			hasScannedForEncodings = 0;
			knownRegions = (
				en,
				Base,
			);
			mainGroup = 013560892B8CE51600127BD0;
			productRefGroup = 013560932B8CE51600127BD0 /* Products */;
			projectDirPath = "";
			projectRoot = "";
			targets = (
				013560912B8CE51600127BD0 /* project26 */,
			);
		};
/* End PBXProject section */

/* Begin PBXResourcesBuildPhase section */
		013560902B8CE51600127BD0 /* Resources */ = {
			isa = PBXResourcesBuildPhase;
			buildActionMask = 2147483647;
			files = (
				013560B92B8CE59B00127BD0 /* vortex@2x.png in Resources */,
				013560A12B8CE51600127BD0 /* Main.storyboard in Resources */,
				013560982B8CE51600127BD0 /* GameScene.sks in Resources */,
				013560B62B8CE59B00127BD0 /* star@2x.png in Resources */,
				013560B52B8CE59B00127BD0 /* level1.txt in Resources */,
				013560A32B8CE51700127BD0 /* Assets.xcassets in Resources */,
				013560B42B8CE59B00127BD0 /* finish@2x.png in Resources */,
				013560B82B8CE59B00127BD0 /* block@2x.png in Resources */,
				013560A62B8CE51700127BD0 /* LaunchScreen.storyboard in Resources */,
				013560B72B8CE59B00127BD0 /* player@2x.png in Resources */,
				013560BA2B8CE59B00127BD0 /* background@2x.jpg in Resources */,
				0135609A2B8CE51600127BD0 /* Actions.sks in Resources */,
			);
			runOnlyForDeploymentPostprocessing = 0;
		};
/* End PBXResourcesBuildPhase section */

/* Begin PBXSourcesBuildPhase section */
		0135608E2B8CE51600127BD0 /* Sources */ = {
			isa = PBXSourcesBuildPhase;
			buildActionMask = 2147483647;
			files = (
				0135609C2B8CE51600127BD0 /* GameScene.swift in Sources */,
				0135609E2B8CE51600127BD0 /* GameViewController.swift in Sources */,
				013560962B8CE51600127BD0 /* AppDelegate.swift in Sources */,
			);
			runOnlyForDeploymentPostprocessing = 0;
		};
/* End PBXSourcesBuildPhase section */

/* Begin PBXVariantGroup section */
		0135609F2B8CE51600127BD0 /* Main.storyboard */ = {
			isa = PBXVariantGroup;
			children = (
				013560A02B8CE51600127BD0 /* Base */,
			);
			name = Main.storyboard;
			sourceTree = "<group>";
		};
		013560A42B8CE51700127BD0 /* LaunchScreen.storyboard */ = {
			isa = PBXVariantGroup;
			children = (
				013560A52B8CE51700127BD0 /* Base */,
			);
			name = LaunchScreen.storyboard;
			sourceTree = "<group>";
		};
/* End PBXVariantGroup section */

/* Begin XCBuildConfiguration section */
		013560A72B8CE51700127BD0 /* Debug */ = {
			isa = XCBuildConfiguration;
			buildSettings = {
				ALWAYS_SEARCH_USER_PATHS = NO;
				ASSETCATALOG_COMPILER_GENERATE_SWIFT_ASSET_SYMBOL_EXTENSIONS = YES;
				CLANG_ANALYZER_NONNULL = YES;
				CLANG_ANALYZER_NUMBER_OBJECT_CONVERSION = YES_AGGRESSIVE;
				CLANG_CXX_LANGUAGE_STANDARD = "gnu++20";
				CLANG_ENABLE_MODULES = YES;
				CLANG_ENABLE_OBJC_ARC = YES;
				CLANG_ENABLE_OBJC_WEAK = YES;
				CLANG_WARN_BLOCK_CAPTURE_AUTORELEASING = YES;
				CLANG_WARN_BOOL_CONVERSION = YES;
				CLANG_WARN_COMMA = YES;
				CLANG_WARN_CONSTANT_CONVERSION = YES;
				CLANG_WARN_DEPRECATED_OBJC_IMPLEMENTATIONS = YES;
				CLANG_WARN_DIRECT_OBJC_ISA_USAGE = YES_ERROR;
				CLANG_WARN_DOCUMENTATION_COMMENTS = YES;
				CLANG_WARN_EMPTY_BODY = YES;
				CLANG_WARN_ENUM_CONVERSION = YES;
				CLANG_WARN_INFINITE_RECURSION = YES;
				CLANG_WARN_INT_CONVERSION = YES;
				CLANG_WARN_NON_LITERAL_NULL_CONVERSION = YES;
				CLANG_WARN_OBJC_IMPLICIT_RETAIN_SELF = YES;
				CLANG_WARN_OBJC_LITERAL_CONVERSION = YES;
				CLANG_WARN_OBJC_ROOT_CLASS = YES_ERROR;
				CLANG_WARN_QUOTED_INCLUDE_IN_FRAMEWORK_HEADER = YES;
				CLANG_WARN_RANGE_LOOP_ANALYSIS = YES;
				CLANG_WARN_STRICT_PROTOTYPES = YES;
				CLANG_WARN_SUSPICIOUS_MOVE = YES;
				CLANG_WARN_UNGUARDED_AVAILABILITY = YES_AGGRESSIVE;
				CLANG_WARN_UNREACHABLE_CODE = YES;
				CLANG_WARN__DUPLICATE_METHOD_MATCH = YES;
				COPY_PHASE_STRIP = NO;
				DEBUG_INFORMATION_FORMAT = dwarf;
				ENABLE_STRICT_OBJC_MSGSEND = YES;
				ENABLE_TESTABILITY = YES;
				ENABLE_USER_SCRIPT_SANDBOXING = YES;
				GCC_C_LANGUAGE_STANDARD = gnu17;
				GCC_DYNAMIC_NO_PIC = NO;
				GCC_NO_COMMON_BLOCKS = YES;
				GCC_OPTIMIZATION_LEVEL = 0;
				GCC_PREPROCESSOR_DEFINITIONS = (
					"DEBUG=1",
					"$(inherited)",
				);
				GCC_WARN_64_TO_32_BIT_CONVERSION = YES;
				GCC_WARN_ABOUT_RETURN_TYPE = YES_ERROR;
				GCC_WARN_UNDECLARED_SELECTOR = YES;
				GCC_WARN_UNINITIALIZED_AUTOS = YES_AGGRESSIVE;
				GCC_WARN_UNUSED_FUNCTION = YES;
				GCC_WARN_UNUSED_VARIABLE = YES;
				IPHONEOS_DEPLOYMENT_TARGET = 17.2;
				LOCALIZATION_PREFERS_STRING_CATALOGS = YES;
				MTL_ENABLE_DEBUG_INFO = INCLUDE_SOURCE;
				MTL_FAST_MATH = YES;
				ONLY_ACTIVE_ARCH = YES;
				SDKROOT = iphoneos;
				SWIFT_ACTIVE_COMPILATION_CONDITIONS = "DEBUG $(inherited)";
				SWIFT_OPTIMIZATION_LEVEL = "-Onone";
			};
			name = Debug;
		};
		013560A82B8CE51700127BD0 /* Release */ = {
			isa = XCBuildConfiguration;
			buildSettings = {
				ALWAYS_SEARCH_USER_PATHS = NO;
				ASSETCATALOG_COMPILER_GENERATE_SWIFT_ASSET_SYMBOL_EXTENSIONS = YES;
				CLANG_ANALYZER_NONNULL = YES;
				CLANG_ANALYZER_NUMBER_OBJECT_CONVERSION = YES_AGGRESSIVE;
				CLANG_CXX_LANGUAGE_STANDARD = "gnu++20";
				CLANG_ENABLE_MODULES = YES;
				CLANG_ENABLE_OBJC_ARC = YES;
				CLANG_ENABLE_OBJC_WEAK = YES;
				CLANG_WARN_BLOCK_CAPTURE_AUTORELEASING = YES;
				CLANG_WARN_BOOL_CONVERSION = YES;
				CLANG_WARN_COMMA = YES;
				CLANG_WARN_CONSTANT_CONVERSION = YES;
				CLANG_WARN_DEPRECATED_OBJC_IMPLEMENTATIONS = YES;
				CLANG_WARN_DIRECT_OBJC_ISA_USAGE = YES_ERROR;
				CLANG_WARN_DOCUMENTATION_COMMENTS = YES;
				CLANG_WARN_EMPTY_BODY = YES;
				CLANG_WARN_ENUM_CONVERSION = YES;
				CLANG_WARN_INFINITE_RECURSION = YES;
				CLANG_WARN_INT_CONVERSION = YES;
				CLANG_WARN_NON_LITERAL_NULL_CONVERSION = YES;
				CLANG_WARN_OBJC_IMPLICIT_RETAIN_SELF = YES;
				CLANG_WARN_OBJC_LITERAL_CONVERSION = YES;
				CLANG_WARN_OBJC_ROOT_CLASS = YES_ERROR;
				CLANG_WARN_QUOTED_INCLUDE_IN_FRAMEWORK_HEADER = YES;
				CLANG_WARN_RANGE_LOOP_ANALYSIS = YES;
				CLANG_WARN_STRICT_PROTOTYPES = YES;
				CLANG_WARN_SUSPICIOUS_MOVE = YES;
				CLANG_WARN_UNGUARDED_AVAILABILITY = YES_AGGRESSIVE;
				CLANG_WARN_UNREACHABLE_CODE = YES;
				CLANG_WARN__DUPLICATE_METHOD_MATCH = YES;
				COPY_PHASE_STRIP = NO;
				DEBUG_INFORMATION_FORMAT = "dwarf-with-dsym";
				ENABLE_NS_ASSERTIONS = NO;
				ENABLE_STRICT_OBJC_MSGSEND = YES;
				ENABLE_USER_SCRIPT_SANDBOXING = YES;
				GCC_C_LANGUAGE_STANDARD = gnu17;
				GCC_NO_COMMON_BLOCKS = YES;
				GCC_WARN_64_TO_32_BIT_CONVERSION = YES;
				GCC_WARN_ABOUT_RETURN_TYPE = YES_ERROR;
				GCC_WARN_UNDECLARED_SELECTOR = YES;
				GCC_WARN_UNINITIALIZED_AUTOS = YES_AGGRESSIVE;
				GCC_WARN_UNUSED_FUNCTION = YES;
				GCC_WARN_UNUSED_VARIABLE = YES;
				IPHONEOS_DEPLOYMENT_TARGET = 17.2;
				LOCALIZATION_PREFERS_STRING_CATALOGS = YES;
				MTL_ENABLE_DEBUG_INFO = NO;
				MTL_FAST_MATH = YES;
				SDKROOT = iphoneos;
				SWIFT_COMPILATION_MODE = wholemodule;
				VALIDATE_PRODUCT = YES;
			};
			name = Release;
		};
		013560AA2B8CE51700127BD0 /* Debug */ = {
			isa = XCBuildConfiguration;
			buildSettings = {
				ASSETCATALOG_COMPILER_APPICON_NAME = AppIcon;
				ASSETCATALOG_COMPILER_GLOBAL_ACCENT_COLOR_NAME = AccentColor;
				CODE_SIGN_STYLE = Automatic;
				CURRENT_PROJECT_VERSION = 1;
				DEVELOPMENT_TEAM = C4C655GVXZ;
				GENERATE_INFOPLIST_FILE = YES;
				INFOPLIST_KEY_UIApplicationSupportsIndirectInputEvents = YES;
				INFOPLIST_KEY_UILaunchStoryboardName = LaunchScreen;
				INFOPLIST_KEY_UIMainStoryboardFile = Main;
				INFOPLIST_KEY_UIStatusBarHidden = YES;
				INFOPLIST_KEY_UISupportedInterfaceOrientations = "UIInterfaceOrientationLandscapeLeft UIInterfaceOrientationLandscapeRight UIInterfaceOrientationPortrait";
				INFOPLIST_KEY_UISupportedInterfaceOrientations_iPad = UIInterfaceOrientationLandscapeRight;
				LD_RUNPATH_SEARCH_PATHS = (
					"$(inherited)",
					"@executable_path/Frameworks",
				);
				MARKETING_VERSION = 1.0;
				PRODUCT_BUNDLE_IDENTIFIER = com.example.project26;
				PRODUCT_NAME = "$(TARGET_NAME)";
				SUPPORTED_PLATFORMS = "iphoneos iphonesimulator";
				SUPPORTS_MACCATALYST = NO;
				SUPPORTS_MAC_DESIGNED_FOR_IPHONE_IPAD = NO;
				SUPPORTS_XR_DESIGNED_FOR_IPHONE_IPAD = NO;
				SWIFT_EMIT_LOC_STRINGS = YES;
				SWIFT_VERSION = 5.0;
				TARGETED_DEVICE_FAMILY = 2;
			};
			name = Debug;
		};
		013560AB2B8CE51700127BD0 /* Release */ = {
			isa = XCBuildConfiguration;
			buildSettings = {
				ASSETCATALOG_COMPILER_APPICON_NAME = AppIcon;
				ASSETCATALOG_COMPILER_GLOBAL_ACCENT_COLOR_NAME = AccentColor;
				CODE_SIGN_STYLE = Automatic;
				CURRENT_PROJECT_VERSION = 1;
				DEVELOPMENT_TEAM = C4C655GVXZ;
				GENERATE_INFOPLIST_FILE = YES;
				INFOPLIST_KEY_UIApplicationSupportsIndirectInputEvents = YES;
				INFOPLIST_KEY_UILaunchStoryboardName = LaunchScreen;
				INFOPLIST_KEY_UIMainStoryboardFile = Main;
				INFOPLIST_KEY_UIStatusBarHidden = YES;
				INFOPLIST_KEY_UISupportedInterfaceOrientations = "UIInterfaceOrientationLandscapeLeft UIInterfaceOrientationLandscapeRight UIInterfaceOrientationPortrait";
				INFOPLIST_KEY_UISupportedInterfaceOrientations_iPad = UIInterfaceOrientationLandscapeRight;
				LD_RUNPATH_SEARCH_PATHS = (
					"$(inherited)",
					"@executable_path/Frameworks",
				);
				MARKETING_VERSION = 1.0;
				PRODUCT_BUNDLE_IDENTIFIER = com.example.project26;
				PRODUCT_NAME = "$(TARGET_NAME)";
				SUPPORTED_PLATFORMS = "iphoneos iphonesimulator";
				SUPPORTS_MACCATALYST = NO;
				SUPPORTS_MAC_DESIGNED_FOR_IPHONE_IPAD = NO;
				SUPPORTS_XR_DESIGNED_FOR_IPHONE_IPAD = NO;
				SWIFT_EMIT_LOC_STRINGS = YES;
				SWIFT_VERSION = 5.0;
				TARGETED_DEVICE_FAMILY = 2;
			};
			name = Release;
		};
/* End XCBuildConfiguration section */

/* Begin XCConfigurationList section */
		0135608D2B8CE51600127BD0 /* Build configuration list for PBXProject "project26" */ = {
			isa = XCConfigurationList;
			buildConfigurations = (
				013560A72B8CE51700127BD0 /* Debug */,
				013560A82B8CE51700127BD0 /* Release */,
			);
			defaultConfigurationIsVisible = 0;
			defaultConfigurationName = Release;
		};
		013560A92B8CE51700127BD0 /* Build configuration list for PBXNativeTarget "project26" */ = {
			isa = XCConfigurationList;
			buildConfigurations = (
				013560AA2B8CE51700127BD0 /* Debug */,
				013560AB2B8CE51700127BD0 /* Release */,
			);
			defaultConfigurationIsVisible = 0;
			defaultConfigurationName = Release;
		};
/* End XCConfigurationList section */
	};
	rootObject = 0135608A2B8CE51600127BD0 /* Project object */;
}
